# This file is automatically @generated by Poetry 1.7.1 and should not be changed by hand.

[[package]]
name = "anyio"
version = "4.8.0"
description = "High level compatibility layer for multiple asynchronous event loop implementations"
optional = false
python-versions = ">=3.9"
files = [
    {file = "anyio-4.8.0-py3-none-any.whl", hash = "sha256:b5011f270ab5eb0abf13385f851315585cc37ef330dd88e27ec3d34d651fd47a"},
    {file = "anyio-4.8.0.tar.gz", hash = "sha256:1d9fe889df5212298c0c0723fa20479d1b94883a2df44bd3897aa91083316f7a"},
]

[package.dependencies]
exceptiongroup = {version = ">=1.0.2", markers = "python_version < \"3.11\""}
idna = ">=2.8"
sniffio = ">=1.1"
typing_extensions = {version = ">=4.5", markers = "python_version < \"3.13\""}

[package.extras]
doc = ["Sphinx (>=7.4,<8.0)", "packaging", "sphinx-autodoc-typehints (>=1.2.0)", "sphinx_rtd_theme"]
test = ["anyio[trio]", "coverage[toml] (>=7)", "exceptiongroup (>=1.2.0)", "hypothesis (>=4.0)", "psutil (>=5.9)", "pytest (>=7.0)", "trustme", "truststore (>=0.9.1)", "uvloop (>=0.21)"]
trio = ["trio (>=0.26.1)"]

[[package]]
name = "asgiref"
version = "3.8.1"
description = "ASGI specs, helper code, and adapters"
optional = false
python-versions = ">=3.8"
files = [
    {file = "asgiref-3.8.1-py3-none-any.whl", hash = "sha256:3e1e3ecc849832fe52ccf2cb6686b7a55f82bb1d6aee72a58826471390335e47"},
    {file = "asgiref-3.8.1.tar.gz", hash = "sha256:c343bd80a0bec947a9860adb4c432ffa7db769836c64238fc34bdc3fec84d590"},
]

[package.dependencies]
typing-extensions = {version = ">=4", markers = "python_version < \"3.11\""}

[package.extras]
tests = ["mypy (>=0.800)", "pytest", "pytest-asyncio"]

[[package]]
name = "certifi"
version = "2025.1.31"
description = "Python package for providing Mozilla's CA Bundle."
optional = false
python-versions = ">=3.6"
files = [
    {file = "certifi-2025.1.31-py3-none-any.whl", hash = "sha256:ca78db4565a652026a4db2bcdf68f2fb589ea80d0be70e03929ed730746b84fe"},
    {file = "certifi-2025.1.31.tar.gz", hash = "sha256:3d5da6925056f6f18f119200434a4780a94263f10d1c21d032a6f6b2baa20651"},
]

[[package]]
name = "cffi"
version = "1.17.1"
description = "Foreign Function Interface for Python calling C code."
optional = false
python-versions = ">=3.8"
files = [
    {file = "cffi-1.17.1-cp310-cp310-macosx_10_9_x86_64.whl", hash = "sha256:df8b1c11f177bc2313ec4b2d46baec87a5f3e71fc8b45dab2ee7cae86d9aba14"},
    {file = "cffi-1.17.1-cp310-cp310-macosx_11_0_arm64.whl", hash = "sha256:8f2cdc858323644ab277e9bb925ad72ae0e67f69e804f4898c070998d50b1a67"},
    {file = "cffi-1.17.1-cp310-cp310-manylinux_2_12_i686.manylinux2010_i686.manylinux_2_17_i686.manylinux2014_i686.whl", hash = "sha256:edae79245293e15384b51f88b00613ba9f7198016a5948b5dddf4917d4d26382"},
    {file = "cffi-1.17.1-cp310-cp310-manylinux_2_17_aarch64.manylinux2014_aarch64.whl", hash = "sha256:45398b671ac6d70e67da8e4224a065cec6a93541bb7aebe1b198a61b58c7b702"},
    {file = "cffi-1.17.1-cp310-cp310-manylinux_2_17_ppc64le.manylinux2014_ppc64le.whl", hash = "sha256:ad9413ccdeda48c5afdae7e4fa2192157e991ff761e7ab8fdd8926f40b160cc3"},
    {file = "cffi-1.17.1-cp310-cp310-manylinux_2_17_s390x.manylinux2014_s390x.whl", hash = "sha256:5da5719280082ac6bd9aa7becb3938dc9f9cbd57fac7d2871717b1feb0902ab6"},
    {file = "cffi-1.17.1-cp310-cp310-manylinux_2_17_x86_64.manylinux2014_x86_64.whl", hash = "sha256:2bb1a08b8008b281856e5971307cc386a8e9c5b625ac297e853d36da6efe9c17"},
    {file = "cffi-1.17.1-cp310-cp310-musllinux_1_1_aarch64.whl", hash = "sha256:045d61c734659cc045141be4bae381a41d89b741f795af1dd018bfb532fd0df8"},
    {file = "cffi-1.17.1-cp310-cp310-musllinux_1_1_i686.whl", hash = "sha256:6883e737d7d9e4899a8a695e00ec36bd4e5e4f18fabe0aca0efe0a4b44cdb13e"},
    {file = "cffi-1.17.1-cp310-cp310-musllinux_1_1_x86_64.whl", hash = "sha256:6b8b4a92e1c65048ff98cfe1f735ef8f1ceb72e3d5f0c25fdb12087a23da22be"},
    {file = "cffi-1.17.1-cp310-cp310-win32.whl", hash = "sha256:c9c3d058ebabb74db66e431095118094d06abf53284d9c81f27300d0e0d8bc7c"},
    {file = "cffi-1.17.1-cp310-cp310-win_amd64.whl", hash = "sha256:0f048dcf80db46f0098ccac01132761580d28e28bc0f78ae0d58048063317e15"},
    {file = "cffi-1.17.1-cp311-cp311-macosx_10_9_x86_64.whl", hash = "sha256:a45e3c6913c5b87b3ff120dcdc03f6131fa0065027d0ed7ee6190736a74cd401"},
    {file = "cffi-1.17.1-cp311-cp311-macosx_11_0_arm64.whl", hash = "sha256:30c5e0cb5ae493c04c8b42916e52ca38079f1b235c2f8ae5f4527b963c401caf"},
    {file = "cffi-1.17.1-cp311-cp311-manylinux_2_12_i686.manylinux2010_i686.manylinux_2_17_i686.manylinux2014_i686.whl", hash = "sha256:f75c7ab1f9e4aca5414ed4d8e5c0e303a34f4421f8a0d47a4d019ceff0ab6af4"},
    {file = "cffi-1.17.1-cp311-cp311-manylinux_2_17_aarch64.manylinux2014_aarch64.whl", hash = "sha256:a1ed2dd2972641495a3ec98445e09766f077aee98a1c896dcb4ad0d303628e41"},
    {file = "cffi-1.17.1-cp311-cp311-manylinux_2_17_ppc64le.manylinux2014_ppc64le.whl", hash = "sha256:46bf43160c1a35f7ec506d254e5c890f3c03648a4dbac12d624e4490a7046cd1"},
    {file = "cffi-1.17.1-cp311-cp311-manylinux_2_17_s390x.manylinux2014_s390x.whl", hash = "sha256:a24ed04c8ffd54b0729c07cee15a81d964e6fee0e3d4d342a27b020d22959dc6"},
    {file = "cffi-1.17.1-cp311-cp311-manylinux_2_17_x86_64.manylinux2014_x86_64.whl", hash = "sha256:610faea79c43e44c71e1ec53a554553fa22321b65fae24889706c0a84d4ad86d"},
    {file = "cffi-1.17.1-cp311-cp311-musllinux_1_1_aarch64.whl", hash = "sha256:a9b15d491f3ad5d692e11f6b71f7857e7835eb677955c00cc0aefcd0669adaf6"},
    {file = "cffi-1.17.1-cp311-cp311-musllinux_1_1_i686.whl", hash = "sha256:de2ea4b5833625383e464549fec1bc395c1bdeeb5f25c4a3a82b5a8c756ec22f"},
    {file = "cffi-1.17.1-cp311-cp311-musllinux_1_1_x86_64.whl", hash = "sha256:fc48c783f9c87e60831201f2cce7f3b2e4846bf4d8728eabe54d60700b318a0b"},
    {file = "cffi-1.17.1-cp311-cp311-win32.whl", hash = "sha256:85a950a4ac9c359340d5963966e3e0a94a676bd6245a4b55bc43949eee26a655"},
    {file = "cffi-1.17.1-cp311-cp311-win_amd64.whl", hash = "sha256:caaf0640ef5f5517f49bc275eca1406b0ffa6aa184892812030f04c2abf589a0"},
    {file = "cffi-1.17.1-cp312-cp312-macosx_10_9_x86_64.whl", hash = "sha256:805b4371bf7197c329fcb3ead37e710d1bca9da5d583f5073b799d5c5bd1eee4"},
    {file = "cffi-1.17.1-cp312-cp312-macosx_11_0_arm64.whl", hash = "sha256:733e99bc2df47476e3848417c5a4540522f234dfd4ef3ab7fafdf555b082ec0c"},
    {file = "cffi-1.17.1-cp312-cp312-manylinux_2_12_i686.manylinux2010_i686.manylinux_2_17_i686.manylinux2014_i686.whl", hash = "sha256:1257bdabf294dceb59f5e70c64a3e2f462c30c7ad68092d01bbbfb1c16b1ba36"},
    {file = "cffi-1.17.1-cp312-cp312-manylinux_2_17_aarch64.manylinux2014_aarch64.whl", hash = "sha256:da95af8214998d77a98cc14e3a3bd00aa191526343078b530ceb0bd710fb48a5"},
    {file = "cffi-1.17.1-cp312-cp312-manylinux_2_17_ppc64le.manylinux2014_ppc64le.whl", hash = "sha256:d63afe322132c194cf832bfec0dc69a99fb9bb6bbd550f161a49e9e855cc78ff"},
    {file = "cffi-1.17.1-cp312-cp312-manylinux_2_17_s390x.manylinux2014_s390x.whl", hash = "sha256:f79fc4fc25f1c8698ff97788206bb3c2598949bfe0fef03d299eb1b5356ada99"},
    {file = "cffi-1.17.1-cp312-cp312-manylinux_2_17_x86_64.manylinux2014_x86_64.whl", hash = "sha256:b62ce867176a75d03a665bad002af8e6d54644fad99a3c70905c543130e39d93"},
    {file = "cffi-1.17.1-cp312-cp312-musllinux_1_1_aarch64.whl", hash = "sha256:386c8bf53c502fff58903061338ce4f4950cbdcb23e2902d86c0f722b786bbe3"},
    {file = "cffi-1.17.1-cp312-cp312-musllinux_1_1_x86_64.whl", hash = "sha256:4ceb10419a9adf4460ea14cfd6bc43d08701f0835e979bf821052f1805850fe8"},
    {file = "cffi-1.17.1-cp312-cp312-win32.whl", hash = "sha256:a08d7e755f8ed21095a310a693525137cfe756ce62d066e53f502a83dc550f65"},
    {file = "cffi-1.17.1-cp312-cp312-win_amd64.whl", hash = "sha256:51392eae71afec0d0c8fb1a53b204dbb3bcabcb3c9b807eedf3e1e6ccf2de903"},
    {file = "cffi-1.17.1-cp313-cp313-macosx_10_13_x86_64.whl", hash = "sha256:f3a2b4222ce6b60e2e8b337bb9596923045681d71e5a082783484d845390938e"},
    {file = "cffi-1.17.1-cp313-cp313-macosx_11_0_arm64.whl", hash = "sha256:0984a4925a435b1da406122d4d7968dd861c1385afe3b45ba82b750f229811e2"},
    {file = "cffi-1.17.1-cp313-cp313-manylinux_2_12_i686.manylinux2010_i686.manylinux_2_17_i686.manylinux2014_i686.whl", hash = "sha256:d01b12eeeb4427d3110de311e1774046ad344f5b1a7403101878976ecd7a10f3"},
    {file = "cffi-1.17.1-cp313-cp313-manylinux_2_17_aarch64.manylinux2014_aarch64.whl", hash = "sha256:706510fe141c86a69c8ddc029c7910003a17353970cff3b904ff0686a5927683"},
    {file = "cffi-1.17.1-cp313-cp313-manylinux_2_17_ppc64le.manylinux2014_ppc64le.whl", hash = "sha256:de55b766c7aa2e2a3092c51e0483d700341182f08e67c63630d5b6f200bb28e5"},
    {file = "cffi-1.17.1-cp313-cp313-manylinux_2_17_s390x.manylinux2014_s390x.whl", hash = "sha256:c59d6e989d07460165cc5ad3c61f9fd8f1b4796eacbd81cee78957842b834af4"},
    {file = "cffi-1.17.1-cp313-cp313-manylinux_2_17_x86_64.manylinux2014_x86_64.whl", hash = "sha256:dd398dbc6773384a17fe0d3e7eeb8d1a21c2200473ee6806bb5e6a8e62bb73dd"},
    {file = "cffi-1.17.1-cp313-cp313-musllinux_1_1_aarch64.whl", hash = "sha256:3edc8d958eb099c634dace3c7e16560ae474aa3803a5df240542b305d14e14ed"},
    {file = "cffi-1.17.1-cp313-cp313-musllinux_1_1_x86_64.whl", hash = "sha256:72e72408cad3d5419375fc87d289076ee319835bdfa2caad331e377589aebba9"},
    {file = "cffi-1.17.1-cp313-cp313-win32.whl", hash = "sha256:e03eab0a8677fa80d646b5ddece1cbeaf556c313dcfac435ba11f107ba117b5d"},
    {file = "cffi-1.17.1-cp313-cp313-win_amd64.whl", hash = "sha256:f6a16c31041f09ead72d69f583767292f750d24913dadacf5756b966aacb3f1a"},
    {file = "cffi-1.17.1-cp38-cp38-macosx_10_9_x86_64.whl", hash = "sha256:636062ea65bd0195bc012fea9321aca499c0504409f413dc88af450b57ffd03b"},
    {file = "cffi-1.17.1-cp38-cp38-manylinux_2_12_i686.manylinux2010_i686.manylinux_2_17_i686.manylinux2014_i686.whl", hash = "sha256:c7eac2ef9b63c79431bc4b25f1cd649d7f061a28808cbc6c47b534bd789ef964"},
    {file = "cffi-1.17.1-cp38-cp38-manylinux_2_17_aarch64.manylinux2014_aarch64.whl", hash = "sha256:e221cf152cff04059d011ee126477f0d9588303eb57e88923578ace7baad17f9"},
    {file = "cffi-1.17.1-cp38-cp38-manylinux_2_17_ppc64le.manylinux2014_ppc64le.whl", hash = "sha256:31000ec67d4221a71bd3f67df918b1f88f676f1c3b535a7eb473255fdc0b83fc"},
    {file = "cffi-1.17.1-cp38-cp38-manylinux_2_17_s390x.manylinux2014_s390x.whl", hash = "sha256:6f17be4345073b0a7b8ea599688f692ac3ef23ce28e5df79c04de519dbc4912c"},
    {file = "cffi-1.17.1-cp38-cp38-manylinux_2_17_x86_64.manylinux2014_x86_64.whl", hash = "sha256:0e2b1fac190ae3ebfe37b979cc1ce69c81f4e4fe5746bb401dca63a9062cdaf1"},
    {file = "cffi-1.17.1-cp38-cp38-win32.whl", hash = "sha256:7596d6620d3fa590f677e9ee430df2958d2d6d6de2feeae5b20e82c00b76fbf8"},
    {file = "cffi-1.17.1-cp38-cp38-win_amd64.whl", hash = "sha256:78122be759c3f8a014ce010908ae03364d00a1f81ab5c7f4a7a5120607ea56e1"},
    {file = "cffi-1.17.1-cp39-cp39-macosx_10_9_x86_64.whl", hash = "sha256:b2ab587605f4ba0bf81dc0cb08a41bd1c0a5906bd59243d56bad7668a6fc6c16"},
    {file = "cffi-1.17.1-cp39-cp39-macosx_11_0_arm64.whl", hash = "sha256:28b16024becceed8c6dfbc75629e27788d8a3f9030691a1dbf9821a128b22c36"},
    {file = "cffi-1.17.1-cp39-cp39-manylinux_2_12_i686.manylinux2010_i686.manylinux_2_17_i686.manylinux2014_i686.whl", hash = "sha256:1d599671f396c4723d016dbddb72fe8e0397082b0a77a4fab8028923bec050e8"},
    {file = "cffi-1.17.1-cp39-cp39-manylinux_2_17_aarch64.manylinux2014_aarch64.whl", hash = "sha256:ca74b8dbe6e8e8263c0ffd60277de77dcee6c837a3d0881d8c1ead7268c9e576"},
    {file = "cffi-1.17.1-cp39-cp39-manylinux_2_17_ppc64le.manylinux2014_ppc64le.whl", hash = "sha256:f7f5baafcc48261359e14bcd6d9bff6d4b28d9103847c9e136694cb0501aef87"},
    {file = "cffi-1.17.1-cp39-cp39-manylinux_2_17_s390x.manylinux2014_s390x.whl", hash = "sha256:98e3969bcff97cae1b2def8ba499ea3d6f31ddfdb7635374834cf89a1a08ecf0"},
    {file = "cffi-1.17.1-cp39-cp39-manylinux_2_17_x86_64.manylinux2014_x86_64.whl", hash = "sha256:cdf5ce3acdfd1661132f2a9c19cac174758dc2352bfe37d98aa7512c6b7178b3"},
    {file = "cffi-1.17.1-cp39-cp39-musllinux_1_1_aarch64.whl", hash = "sha256:9755e4345d1ec879e3849e62222a18c7174d65a6a92d5b346b1863912168b595"},
    {file = "cffi-1.17.1-cp39-cp39-musllinux_1_1_i686.whl", hash = "sha256:f1e22e8c4419538cb197e4dd60acc919d7696e5ef98ee4da4e01d3f8cfa4cc5a"},
    {file = "cffi-1.17.1-cp39-cp39-musllinux_1_1_x86_64.whl", hash = "sha256:c03e868a0b3bc35839ba98e74211ed2b05d2119be4e8a0f224fba9384f1fe02e"},
    {file = "cffi-1.17.1-cp39-cp39-win32.whl", hash = "sha256:e31ae45bc2e29f6b2abd0de1cc3b9d5205aa847cafaecb8af1476a609a2f6eb7"},
    {file = "cffi-1.17.1-cp39-cp39-win_amd64.whl", hash = "sha256:d016c76bdd850f3c626af19b0542c9677ba156e4ee4fccfdd7848803533ef662"},
    {file = "cffi-1.17.1.tar.gz", hash = "sha256:1c39c6016c32bc48dd54561950ebd6836e1670f2ae46128f67cf49e789c52824"},
]

[package.dependencies]
pycparser = "*"

[[package]]
name = "click"
version = "8.1.8"
description = "Composable command line interface toolkit"
optional = false
python-versions = ">=3.7"
files = [
    {file = "click-8.1.8-py3-none-any.whl", hash = "sha256:63c132bbbed01578a06712a2d1f497bb62d9c1c0d329b7903a866228027263b2"},
    {file = "click-8.1.8.tar.gz", hash = "sha256:ed53c9d8990d83c2a27deae68e4ee337473f6330c040a31d4225c9574d16096a"},
]

[package.dependencies]
colorama = {version = "*", markers = "platform_system == \"Windows\""}

[[package]]
name = "colorama"
version = "0.4.6"
description = "Cross-platform colored terminal text."
optional = false
python-versions = "!=3.0.*,!=3.1.*,!=3.2.*,!=3.3.*,!=3.4.*,!=3.5.*,!=3.6.*,>=2.7"
files = [
    {file = "colorama-0.4.6-py2.py3-none-any.whl", hash = "sha256:4f1d9991f5acc0ca119f9d443620b77f9d6b33703e51011c16baf57afb285fc6"},
    {file = "colorama-0.4.6.tar.gz", hash = "sha256:08695f5cb7ed6e0531a20572697297273c47b8cae5a63ffc6d6ed5c201be6e44"},
]

[[package]]
name = "exceptiongroup"
version = "1.2.2"
description = "Backport of PEP 654 (exception groups)"
optional = false
python-versions = ">=3.7"
files = [
    {file = "exceptiongroup-1.2.2-py3-none-any.whl", hash = "sha256:3111b9d131c238bec2f8f516e123e14ba243563fb135d3fe885990585aa7795b"},
    {file = "exceptiongroup-1.2.2.tar.gz", hash = "sha256:47c2edf7c6738fafb49fd34290706d1a1a2f4d1c6df275526b62cbb4aa5393cc"},
]

[package.extras]
test = ["pytest (>=6)"]

[[package]]
name = "fastapi"
version = "0.77.1"
description = "FastAPI framework, high performance, easy to learn, fast to code, ready for production"
optional = false
python-versions = ">=3.6.1"
files = [
    {file = "fastapi-0.77.1-py3-none-any.whl", hash = "sha256:041d8935a13c8f22a7ef80c76d8eea54953c44476d7057e7734138ee8951b9dc"},
    {file = "fastapi-0.77.1.tar.gz", hash = "sha256:6dfa715a334d1fafedcea33d74c7382afd2ce123093f83be2f4e322e89d45e22"},
]

[package.dependencies]
pydantic = ">=1.6.2,<1.7 || >1.7,<1.7.1 || >1.7.1,<1.7.2 || >1.7.2,<1.7.3 || >1.7.3,<1.8 || >1.8,<1.8.1 || >1.8.1,<2.0.0"
starlette = "0.19.1"

[package.extras]
all = ["email_validator (>=1.1.1,<2.0.0)", "itsdangerous (>=1.1.0,<3.0.0)", "jinja2 (>=2.11.2,<4.0.0)", "orjson (>=3.2.1,<4.0.0)", "python-multipart (>=0.0.5,<0.0.6)", "pyyaml (>=5.3.1,<7.0.0)", "requests (>=2.24.0,<3.0.0)", "ujson (>=4.0.1,!=4.0.2,!=4.1.0,!=4.2.0,!=4.3.0,!=5.0.0,!=5.1.0,<6.0.0)", "uvicorn[standard] (>=0.12.0,<0.18.0)"]
dev = ["autoflake (>=1.4.0,<2.0.0)", "flake8 (>=3.8.3,<4.0.0)", "passlib[bcrypt] (>=1.7.2,<2.0.0)", "python-jose[cryptography] (>=3.3.0,<4.0.0)", "uvicorn[standard] (>=0.12.0,<0.18.0)"]
doc = ["mdx-include (>=1.4.1,<2.0.0)", "mkdocs (>=1.1.2,<2.0.0)", "mkdocs-markdownextradata-plugin (>=0.1.7,<0.3.0)", "mkdocs-material (>=8.1.4,<9.0.0)", "pyyaml (>=5.3.1,<7.0.0)", "typer (>=0.4.1,<0.5.0)"]
test = ["anyio[trio] (>=3.2.1,<4.0.0)", "black (==22.3.0)", "databases[sqlite] (>=0.3.2,<0.6.0)", "email_validator (>=1.1.1,<2.0.0)", "flake8 (>=3.8.3,<4.0.0)", "flask (>=1.1.2,<3.0.0)", "httpx (>=0.14.0,<0.19.0)", "isort (>=5.0.6,<6.0.0)", "mypy (==0.910)", "orjson (>=3.2.1,<4.0.0)", "peewee (>=3.13.3,<4.0.0)", "pytest (>=6.2.4,<7.0.0)", "pytest-cov (>=2.12.0,<4.0.0)", "python-multipart (>=0.0.5,<0.0.6)", "requests (>=2.24.0,<3.0.0)", "sqlalchemy (>=1.3.18,<1.5.0)", "types-dataclasses (==0.6.5)", "types-orjson (==3.6.2)", "types-ujson (==4.2.1)", "ujson (>=4.0.1,!=4.0.2,!=4.1.0,!=4.2.0,!=4.3.0,!=5.0.0,!=5.1.0,<6.0.0)"]

[[package]]
name = "h11"
version = "0.14.0"
description = "A pure-Python, bring-your-own-I/O implementation of HTTP/1.1"
optional = false
python-versions = ">=3.7"
files = [
    {file = "h11-0.14.0-py3-none-any.whl", hash = "sha256:e3fe4ac4b851c468cc8363d500db52c2ead036020723024a109d37346efaa761"},
    {file = "h11-0.14.0.tar.gz", hash = "sha256:8f19fbbe99e72420ff35c00b27a34cb9937e902a8b810e2c88300c6f0a3b699d"},
]

[[package]]
name = "httpcore"
version = "1.0.7"
description = "A minimal low-level HTTP client."
optional = false
python-versions = ">=3.8"
files = [
    {file = "httpcore-1.0.7-py3-none-any.whl", hash = "sha256:a3fff8f43dc260d5bd363d9f9cf1830fa3a458b332856f34282de498ed420edd"},
    {file = "httpcore-1.0.7.tar.gz", hash = "sha256:8551cb62a169ec7162ac7be8d4817d561f60e08eaa485234898414bb5a8a0b4c"},
]

[package.dependencies]
certifi = "*"
h11 = ">=0.13,<0.15"

[package.extras]
asyncio = ["anyio (>=4.0,<5.0)"]
http2 = ["h2 (>=3,<5)"]
socks = ["socksio (==1.*)"]
trio = ["trio (>=0.22.0,<1.0)"]

[[package]]
name = "httpx"
version = "0.28.1"
description = "The next generation HTTP client."
optional = false
python-versions = ">=3.8"
files = [
    {file = "httpx-0.28.1-py3-none-any.whl", hash = "sha256:d909fcccc110f8c7faf814ca82a9a4d816bc5a6dbfea25d6591d6985b8ba59ad"},
    {file = "httpx-0.28.1.tar.gz", hash = "sha256:75e98c5f16b0f35b567856f597f06ff2270a374470a5c2392242528e3e3e42fc"},
]

[package.dependencies]
anyio = "*"
certifi = "*"
httpcore = "==1.*"
idna = "*"

[package.extras]
brotli = ["brotli", "brotlicffi"]
cli = ["click (==8.*)", "pygments (==2.*)", "rich (>=10,<14)"]
http2 = ["h2 (>=3,<5)"]
socks = ["socksio (==1.*)"]
zstd = ["zstandard (>=0.18.0)"]

[[package]]
name = "idna"
version = "3.10"
description = "Internationalized Domain Names in Applications (IDNA)"
optional = false
python-versions = ">=3.6"
files = [
    {file = "idna-3.10-py3-none-any.whl", hash = "sha256:946d195a0d259cbba61165e88e65941f16e9b36ea6ddb97f00452bae8b1287d3"},
    {file = "idna-3.10.tar.gz", hash = "sha256:12f65c9b470abda6dc35cf8e63cc574b1c52b11df2c86030af0ac09b01b13ea9"},
]

[package.extras]
all = ["flake8 (>=7.1.1)", "mypy (>=1.11.2)", "pytest (>=8.3.2)", "ruff (>=0.6.2)"]

[[package]]
name = "pycparser"
version = "2.22"
description = "C parser in Python"
optional = false
python-versions = ">=3.8"
files = [
    {file = "pycparser-2.22-py3-none-any.whl", hash = "sha256:c3702b6d3dd8c7abc1afa565d7e63d53a1d0bd86cdc24edd75470f4de499cfcc"},
    {file = "pycparser-2.22.tar.gz", hash = "sha256:491c8be9c040f5390f5bf44a5b07752bd07f56edf992381b05c701439eec10f6"},
]

[[package]]
name = "pydantic"
version = "1.10.21"
description = "Data validation and settings management using python type hints"
optional = false
python-versions = ">=3.7"
files = [
    {file = "pydantic-1.10.21-cp310-cp310-macosx_10_9_x86_64.whl", hash = "sha256:245e486e0fec53ec2366df9cf1cba36e0bbf066af7cd9c974bbbd9ba10e1e586"},
    {file = "pydantic-1.10.21-cp310-cp310-macosx_11_0_arm64.whl", hash = "sha256:6c54f8d4c151c1de784c5b93dfbb872067e3414619e10e21e695f7bb84d1d1fd"},
    {file = "pydantic-1.10.21-cp310-cp310-manylinux_2_17_x86_64.manylinux2014_x86_64.whl", hash = "sha256:6b64708009cfabd9c2211295144ff455ec7ceb4c4fb45a07a804309598f36187"},
    {file = "pydantic-1.10.21-cp310-cp310-manylinux_2_5_i686.manylinux1_i686.manylinux_2_17_i686.manylinux2014_i686.whl", hash = "sha256:8a148410fa0e971ba333358d11a6dea7b48e063de127c2b09ece9d1c1137dde4"},
    {file = "pydantic-1.10.21-cp310-cp310-musllinux_1_2_i686.whl", hash = "sha256:36ceadef055af06e7756eb4b871cdc9e5a27bdc06a45c820cd94b443de019bbf"},
    {file = "pydantic-1.10.21-cp310-cp310-musllinux_1_2_x86_64.whl", hash = "sha256:c0501e1d12df6ab1211b8cad52d2f7b2cd81f8e8e776d39aa5e71e2998d0379f"},
    {file = "pydantic-1.10.21-cp310-cp310-win_amd64.whl", hash = "sha256:c261127c275d7bce50b26b26c7d8427dcb5c4803e840e913f8d9df3f99dca55f"},
    {file = "pydantic-1.10.21-cp311-cp311-macosx_10_9_x86_64.whl", hash = "sha256:8b6350b68566bb6b164fb06a3772e878887f3c857c46c0c534788081cb48adf4"},
    {file = "pydantic-1.10.21-cp311-cp311-macosx_11_0_arm64.whl", hash = "sha256:935b19fdcde236f4fbf691959fa5c3e2b6951fff132964e869e57c70f2ad1ba3"},
    {file = "pydantic-1.10.21-cp311-cp311-manylinux_2_17_x86_64.manylinux2014_x86_64.whl", hash = "sha256:2b6a04efdcd25486b27f24c1648d5adc1633ad8b4506d0e96e5367f075ed2e0b"},
    {file = "pydantic-1.10.21-cp311-cp311-manylinux_2_5_i686.manylinux1_i686.manylinux_2_17_i686.manylinux2014_i686.whl", hash = "sha256:c1ba253eb5af8d89864073e6ce8e6c8dec5f49920cff61f38f5c3383e38b1c9f"},
    {file = "pydantic-1.10.21-cp311-cp311-musllinux_1_2_i686.whl", hash = "sha256:57f0101e6c97b411f287a0b7cf5ebc4e5d3b18254bf926f45a11615d29475793"},
    {file = "pydantic-1.10.21-cp311-cp311-musllinux_1_2_x86_64.whl", hash = "sha256:90e85834f0370d737c77a386ce505c21b06bfe7086c1c568b70e15a568d9670d"},
    {file = "pydantic-1.10.21-cp311-cp311-win_amd64.whl", hash = "sha256:6a497bc66b3374b7d105763d1d3de76d949287bf28969bff4656206ab8a53aa9"},
    {file = "pydantic-1.10.21-cp312-cp312-macosx_10_13_x86_64.whl", hash = "sha256:2ed4a5f13cf160d64aa331ab9017af81f3481cd9fd0e49f1d707b57fe1b9f3ae"},
    {file = "pydantic-1.10.21-cp312-cp312-macosx_11_0_arm64.whl", hash = "sha256:3b7693bb6ed3fbe250e222f9415abb73111bb09b73ab90d2d4d53f6390e0ccc1"},
    {file = "pydantic-1.10.21-cp312-cp312-manylinux_2_17_x86_64.manylinux2014_x86_64.whl", hash = "sha256:185d5f1dff1fead51766da9b2de4f3dc3b8fca39e59383c273f34a6ae254e3e2"},
    {file = "pydantic-1.10.21-cp312-cp312-manylinux_2_5_i686.manylinux1_i686.manylinux_2_17_i686.manylinux2014_i686.whl", hash = "sha256:38e6d35cf7cd1727822c79e324fa0677e1a08c88a34f56695101f5ad4d5e20e5"},
    {file = "pydantic-1.10.21-cp312-cp312-musllinux_1_2_i686.whl", hash = "sha256:1d7c332685eafacb64a1a7645b409a166eb7537f23142d26895746f628a3149b"},
    {file = "pydantic-1.10.21-cp312-cp312-musllinux_1_2_x86_64.whl", hash = "sha256:2c9b782db6f993a36092480eeaab8ba0609f786041b01f39c7c52252bda6d85f"},
    {file = "pydantic-1.10.21-cp312-cp312-win_amd64.whl", hash = "sha256:7ce64d23d4e71d9698492479505674c5c5b92cda02b07c91dfc13633b2eef805"},
    {file = "pydantic-1.10.21-cp313-cp313-macosx_10_13_x86_64.whl", hash = "sha256:0067935d35044950be781933ab91b9a708eaff124bf860fa2f70aeb1c4be7212"},
    {file = "pydantic-1.10.21-cp313-cp313-macosx_11_0_arm64.whl", hash = "sha256:5e8148c2ce4894ce7e5a4925d9d3fdce429fb0e821b5a8783573f3611933a251"},
    {file = "pydantic-1.10.21-cp313-cp313-manylinux_2_17_x86_64.manylinux2014_x86_64.whl", hash = "sha256:a4973232c98b9b44c78b1233693e5e1938add5af18042f031737e1214455f9b8"},
    {file = "pydantic-1.10.21-cp313-cp313-manylinux_2_5_i686.manylinux1_i686.manylinux_2_17_i686.manylinux2014_i686.whl", hash = "sha256:662bf5ce3c9b1cef32a32a2f4debe00d2f4839fefbebe1d6956e681122a9c839"},
    {file = "pydantic-1.10.21-cp313-cp313-musllinux_1_2_i686.whl", hash = "sha256:98737c3ab5a2f8a85f2326eebcd214510f898881a290a7939a45ec294743c875"},
    {file = "pydantic-1.10.21-cp313-cp313-musllinux_1_2_x86_64.whl", hash = "sha256:0bb58bbe65a43483d49f66b6c8474424d551a3fbe8a7796c42da314bac712738"},
    {file = "pydantic-1.10.21-cp313-cp313-win_amd64.whl", hash = "sha256:e622314542fb48542c09c7bd1ac51d71c5632dd3c92dc82ede6da233f55f4848"},
    {file = "pydantic-1.10.21-cp37-cp37m-macosx_10_9_x86_64.whl", hash = "sha256:d356aa5b18ef5a24d8081f5c5beb67c0a2a6ff2a953ee38d65a2aa96526b274f"},
    {file = "pydantic-1.10.21-cp37-cp37m-manylinux_2_17_x86_64.manylinux2014_x86_64.whl", hash = "sha256:08caa8c0468172d27c669abfe9e7d96a8b1655ec0833753e117061febaaadef5"},
    {file = "pydantic-1.10.21-cp37-cp37m-manylinux_2_5_i686.manylinux1_i686.manylinux_2_17_i686.manylinux2014_i686.whl", hash = "sha256:c677aa39ec737fec932feb68e4a2abe142682f2885558402602cd9746a1c92e8"},
    {file = "pydantic-1.10.21-cp37-cp37m-musllinux_1_2_i686.whl", hash = "sha256:79577cc045d3442c4e845df53df9f9202546e2ba54954c057d253fc17cd16cb1"},
    {file = "pydantic-1.10.21-cp37-cp37m-musllinux_1_2_x86_64.whl", hash = "sha256:b6b73ab347284719f818acb14f7cd80696c6fdf1bd34feee1955d7a72d2e64ce"},
    {file = "pydantic-1.10.21-cp37-cp37m-win_amd64.whl", hash = "sha256:46cffa24891b06269e12f7e1ec50b73f0c9ab4ce71c2caa4ccf1fb36845e1ff7"},
    {file = "pydantic-1.10.21-cp38-cp38-macosx_10_9_x86_64.whl", hash = "sha256:298d6f765e3c9825dfa78f24c1efd29af91c3ab1b763e1fd26ae4d9e1749e5c8"},
    {file = "pydantic-1.10.21-cp38-cp38-macosx_11_0_arm64.whl", hash = "sha256:f2f4a2305f15eff68f874766d982114ac89468f1c2c0b97640e719cf1a078374"},
    {file = "pydantic-1.10.21-cp38-cp38-manylinux_2_17_x86_64.manylinux2014_x86_64.whl", hash = "sha256:35b263b60c519354afb3a60107d20470dd5250b3ce54c08753f6975c406d949b"},
    {file = "pydantic-1.10.21-cp38-cp38-manylinux_2_5_i686.manylinux1_i686.manylinux_2_17_i686.manylinux2014_i686.whl", hash = "sha256:e23a97a6c2f2db88995496db9387cd1727acdacc85835ba8619dce826c0b11a6"},
    {file = "pydantic-1.10.21-cp38-cp38-musllinux_1_2_i686.whl", hash = "sha256:3c96fed246ccc1acb2df032ff642459e4ae18b315ecbab4d95c95cfa292e8517"},
    {file = "pydantic-1.10.21-cp38-cp38-musllinux_1_2_x86_64.whl", hash = "sha256:b92893ebefc0151474f682e7debb6ab38552ce56a90e39a8834734c81f37c8a9"},
    {file = "pydantic-1.10.21-cp38-cp38-win_amd64.whl", hash = "sha256:b8460bc256bf0de821839aea6794bb38a4c0fbd48f949ea51093f6edce0be459"},
    {file = "pydantic-1.10.21-cp39-cp39-macosx_10_9_x86_64.whl", hash = "sha256:5d387940f0f1a0adb3c44481aa379122d06df8486cc8f652a7b3b0caf08435f7"},
    {file = "pydantic-1.10.21-cp39-cp39-macosx_11_0_arm64.whl", hash = "sha256:266ecfc384861d7b0b9c214788ddff75a2ea123aa756bcca6b2a1175edeca0fe"},
    {file = "pydantic-1.10.21-cp39-cp39-manylinux_2_17_x86_64.manylinux2014_x86_64.whl", hash = "sha256:61da798c05a06a362a2f8c5e3ff0341743e2818d0f530eaac0d6898f1b187f1f"},
    {file = "pydantic-1.10.21-cp39-cp39-manylinux_2_5_i686.manylinux1_i686.manylinux_2_17_i686.manylinux2014_i686.whl", hash = "sha256:a621742da75ce272d64ea57bd7651ee2a115fa67c0f11d66d9dcfc18c2f1b106"},
    {file = "pydantic-1.10.21-cp39-cp39-musllinux_1_2_i686.whl", hash = "sha256:9e3e4000cd54ef455694b8be9111ea20f66a686fc155feda1ecacf2322b115da"},
    {file = "pydantic-1.10.21-cp39-cp39-musllinux_1_2_x86_64.whl", hash = "sha256:f198c8206640f4c0ef5a76b779241efb1380a300d88b1bce9bfe95a6362e674d"},
    {file = "pydantic-1.10.21-cp39-cp39-win_amd64.whl", hash = "sha256:e7f0cda108b36a30c8fc882e4fc5b7eec8ef584aa43aa43694c6a7b274fb2b56"},
    {file = "pydantic-1.10.21-py3-none-any.whl", hash = "sha256:db70c920cba9d05c69ad4a9e7f8e9e83011abb2c6490e561de9ae24aee44925c"},
    {file = "pydantic-1.10.21.tar.gz", hash = "sha256:64b48e2b609a6c22178a56c408ee1215a7206077ecb8a193e2fda31858b2362a"},
]

[package.dependencies]
typing-extensions = ">=4.2.0"

[package.extras]
dotenv = ["python-dotenv (>=0.10.4)"]
email = ["email-validator (>=1.0.3)"]

[[package]]
name = "pydantic-core"
version = "2.30.0"
description = "Core functionality for Pydantic validation and serialization"
optional = false
python-versions = ">=3.9"
files = [
    {file = "pydantic_core-2.30.0-cp310-cp310-macosx_10_12_x86_64.whl", hash = "sha256:85a6c9183c6a1904d55f5642c9a4a482b949b7ed9de853dc1525f2f725193d8c"},
    {file = "pydantic_core-2.30.0-cp310-cp310-macosx_11_0_arm64.whl", hash = "sha256:beaee0b92e8c4b91e7f1ce4e38637efafdfa423d0c13f93e2a5cdda65baedbd9"},
    {file = "pydantic_core-2.30.0-cp310-cp310-manylinux_2_17_aarch64.manylinux2014_aarch64.whl", hash = "sha256:f628511b2714166f296424d5dcc06271ea7e98fde74b8ffa25d08e323a69cefe"},
    {file = "pydantic_core-2.30.0-cp310-cp310-manylinux_2_17_armv7l.manylinux2014_armv7l.whl", hash = "sha256:b16847c0ea655806c24fce2f99ba20555cef15575da744f823d2c91975af352b"},
    {file = "pydantic_core-2.30.0-cp310-cp310-manylinux_2_17_ppc64le.manylinux2014_ppc64le.whl", hash = "sha256:020547b18f89d091e08401c4837f9b8d1e242f08bd18caec67f35584ce3fffb6"},
    {file = "pydantic_core-2.30.0-cp310-cp310-manylinux_2_17_s390x.manylinux2014_s390x.whl", hash = "sha256:c7ff198922af9c749c5061ad796b6dc710c004897b991b4035787c412260e655"},
    {file = "pydantic_core-2.30.0-cp310-cp310-manylinux_2_17_x86_64.manylinux2014_x86_64.whl", hash = "sha256:1c2099803a9017c3a2cf6552077f1a39bb8b4d9a778a8ccf30d6c27952bad1ac"},
    {file = "pydantic_core-2.30.0-cp310-cp310-manylinux_2_5_i686.manylinux1_i686.whl", hash = "sha256:b1b6d96a585cb67525912149874d8886f0c5a2f367ac9d7642c3cb22cd75f14f"},
    {file = "pydantic_core-2.30.0-cp310-cp310-musllinux_1_1_aarch64.whl", hash = "sha256:0b522bfb53b6994d6e5869e399a627c815a0be22b79901f43ccecf5d50817637"},
    {file = "pydantic_core-2.30.0-cp310-cp310-musllinux_1_1_armv7l.whl", hash = "sha256:2b5b9c2efec2f920a5bf8796f400d765bcfdc34e67ed94ac8fecdbc72a133222"},
    {file = "pydantic_core-2.30.0-cp310-cp310-musllinux_1_1_x86_64.whl", hash = "sha256:a4212929c99d3d950ee65e17d42ce724840ae6f3ae7d4b07017f85e9569224b8"},
    {file = "pydantic_core-2.30.0-cp310-cp310-win32.whl", hash = "sha256:51743cfcdca70ad8b190cf1b9cb240c7fdb2fd456eab9d084ae0905d8dbbb179"},
    {file = "pydantic_core-2.30.0-cp310-cp310-win_amd64.whl", hash = "sha256:06ce84c3d767272903dc6317216a17f36fe625d115b48b1014b95ba815189a47"},
    {file = "pydantic_core-2.30.0-cp311-cp311-macosx_10_12_x86_64.whl", hash = "sha256:e535b9e7aaf0066b2dd13793be2c8599c64ea3a7df9c3454fbe61e555d3ddb9e"},
    {file = "pydantic_core-2.30.0-cp311-cp311-macosx_11_0_arm64.whl", hash = "sha256:e1e3d7decfc61ea414312df32230cc631956194e8e2a97001c61878b414c1076"},
    {file = "pydantic_core-2.30.0-cp311-cp311-manylinux_2_17_aarch64.manylinux2014_aarch64.whl", hash = "sha256:bbece7ed30265d15babc581e89745f35fcba1a9bd0e0907ec43f43066d917554"},
    {file = "pydantic_core-2.30.0-cp311-cp311-manylinux_2_17_armv7l.manylinux2014_armv7l.whl", hash = "sha256:f1901fa7edc5e45d5d5a1dd6d46af4db34d1bf7eae080d2900eb253f488c9521"},
    {file = "pydantic_core-2.30.0-cp311-cp311-manylinux_2_17_ppc64le.manylinux2014_ppc64le.whl", hash = "sha256:65a61b31dc9604caa2638209277761772608ee6a0568232f502d6b8f5873c420"},
    {file = "pydantic_core-2.30.0-cp311-cp311-manylinux_2_17_s390x.manylinux2014_s390x.whl", hash = "sha256:d4921faba2c540a849047dee1ecae7035e4e06bbcff467ed9cb87026ecda7c19"},
    {file = "pydantic_core-2.30.0-cp311-cp311-manylinux_2_17_x86_64.manylinux2014_x86_64.whl", hash = "sha256:f060af74fdc30e391dae2aee91d403314e5954ce3d6ff44680f527fbceaa2600"},
    {file = "pydantic_core-2.30.0-cp311-cp311-manylinux_2_5_i686.manylinux1_i686.whl", hash = "sha256:2583fcc2412ab55e473b2f1e56733b7beb9674842dc097acc6bccca62c9445d4"},
    {file = "pydantic_core-2.30.0-cp311-cp311-musllinux_1_1_aarch64.whl", hash = "sha256:0538c322f7231cb1b4a9a1d152fce79f63b078a6930777a3e06a4986e4d9a8f3"},
    {file = "pydantic_core-2.30.0-cp311-cp311-musllinux_1_1_armv7l.whl", hash = "sha256:ffdefe5649a59e73828f6dda556c529a7c999e0c113617dff9f3f011ff3f9c16"},
    {file = "pydantic_core-2.30.0-cp311-cp311-musllinux_1_1_x86_64.whl", hash = "sha256:0702b136aa1a6f083de67dbe248193e7197674ba4d07a9982fc5aaed0952a176"},
    {file = "pydantic_core-2.30.0-cp311-cp311-win32.whl", hash = "sha256:fcde852ffe62b60e40a4e82d175efe732e0ab3c3038c6a34bbfd5b4a4e016859"},
    {file = "pydantic_core-2.30.0-cp311-cp311-win_amd64.whl", hash = "sha256:9d0e146f123a441606a64a24854ac20c03934c5e88f9f4b1e53d74ac6da80e12"},
    {file = "pydantic_core-2.30.0-cp311-cp311-win_arm64.whl", hash = "sha256:209ddad9f8a7b858b8b6b936fb7a32418ca9a5a93992aeb320c2218c62aaf6ff"},
    {file = "pydantic_core-2.30.0-cp312-cp312-macosx_10_12_x86_64.whl", hash = "sha256:b621a0e146d68548e7453b1e5273f0a5e428bc5578d2e2e4e72d8306f945b084"},
    {file = "pydantic_core-2.30.0-cp312-cp312-macosx_11_0_arm64.whl", hash = "sha256:db4882925db296ef45234b33bbbb1416967e2082ae723404dbc7ee3f136a0230"},
    {file = "pydantic_core-2.30.0-cp312-cp312-manylinux_2_17_aarch64.manylinux2014_aarch64.whl", hash = "sha256:c7e92a612070de42c0d00997fde5d9b9a7ab0484d4e3861d2e9a7d53dcfb4c46"},
    {file = "pydantic_core-2.30.0-cp312-cp312-manylinux_2_17_armv7l.manylinux2014_armv7l.whl", hash = "sha256:875f1d58e670d028b3dd8abf2712a30a8e3aafae93e16adc3b28eafe0ce7642c"},
    {file = "pydantic_core-2.30.0-cp312-cp312-manylinux_2_17_ppc64le.manylinux2014_ppc64le.whl", hash = "sha256:acfc7e8b428ec6320d4124a5a85902400c45f41ada239d2140b6c3b2d876c763"},
    {file = "pydantic_core-2.30.0-cp312-cp312-manylinux_2_17_s390x.manylinux2014_s390x.whl", hash = "sha256:a6c393d776087aed5591ac9eaa2cfada2e3bfb81b0a74a52a9e80bfdb3e1342c"},
    {file = "pydantic_core-2.30.0-cp312-cp312-manylinux_2_17_x86_64.manylinux2014_x86_64.whl", hash = "sha256:386476186c3797a5c2f9595d17d5a8f40c517e64d35f5b587b70b9c584f00358"},
    {file = "pydantic_core-2.30.0-cp312-cp312-manylinux_2_5_i686.manylinux1_i686.whl", hash = "sha256:b285115117036e19c1515f4dc16a00c74aee0fa1907d644cde3d54a8882af557"},
    {file = "pydantic_core-2.30.0-cp312-cp312-musllinux_1_1_aarch64.whl", hash = "sha256:56e77268f654ac18e2339adf0ec7374116bb63554c42c4e2afad35f611b49ac7"},
    {file = "pydantic_core-2.30.0-cp312-cp312-musllinux_1_1_armv7l.whl", hash = "sha256:de90ba6e4ee9fa66b38fb8c3c026e91871693cc16e39b420a944cb91c4451f0d"},
    {file = "pydantic_core-2.30.0-cp312-cp312-musllinux_1_1_x86_64.whl", hash = "sha256:7a4253c698a96f29d245e36004fdddddf2f9a4fc3b43a59d36a258abfb6fbebd"},
    {file = "pydantic_core-2.30.0-cp312-cp312-win32.whl", hash = "sha256:918975a8c0d6569bab0e4d5197be6f39a7526bccd68ffd301095dab492608824"},
    {file = "pydantic_core-2.30.0-cp312-cp312-win_amd64.whl", hash = "sha256:e12d5ef7c31d32fd4df8d891a23e25d964bc3641c113d118be85f2dd6042144e"},
    {file = "pydantic_core-2.30.0-cp312-cp312-win_arm64.whl", hash = "sha256:31b54a289b852c8ffe30d30bb4a4e8078cf0f97b8ea193ca6a7e8db2304bcf58"},
    {file = "pydantic_core-2.30.0-cp313-cp313-macosx_10_12_x86_64.whl", hash = "sha256:c0ac3ece91a6381e317754bddeae563aaa63d94bafe5edfcbb25b3bb1884f0ae"},
    {file = "pydantic_core-2.30.0-cp313-cp313-macosx_11_0_arm64.whl", hash = "sha256:bb8f542ebed52c7daed2d99a8cb86d866bcb5d7594c91fc873b85a48d849bc1a"},
    {file = "pydantic_core-2.30.0-cp313-cp313-manylinux_2_17_aarch64.manylinux2014_aarch64.whl", hash = "sha256:00d82abe4582c060da3d7723ff68c0711d60e4027917dcb11c1c6f686b998ad8"},
    {file = "pydantic_core-2.30.0-cp313-cp313-manylinux_2_17_armv7l.manylinux2014_armv7l.whl", hash = "sha256:c16e2e9468452af9b5e53c64ee350fc28bc682a9eee07c8d0bcc38390d83afd6"},
    {file = "pydantic_core-2.30.0-cp313-cp313-manylinux_2_17_ppc64le.manylinux2014_ppc64le.whl", hash = "sha256:3a5d0ecaa64bf9e6888ca53b0c4c316275fff601838bd9a164fbec191b8d800a"},
    {file = "pydantic_core-2.30.0-cp313-cp313-manylinux_2_17_s390x.manylinux2014_s390x.whl", hash = "sha256:681b7fb5c6a393eb8dd3abff1bacb5ea7ef9b5facedbac3f678e2353ec4d8ebe"},
    {file = "pydantic_core-2.30.0-cp313-cp313-manylinux_2_17_x86_64.manylinux2014_x86_64.whl", hash = "sha256:f1db87cbb99da87a3b0fedf2aa820ac2ac200e17475111a5f9f972edd40a5731"},
    {file = "pydantic_core-2.30.0-cp313-cp313-manylinux_2_5_i686.manylinux1_i686.whl", hash = "sha256:f67f33b0c3382a64b0eeeb29bf2e735387a93c5da13ef1a7317c089d15a17bf0"},
    {file = "pydantic_core-2.30.0-cp313-cp313-musllinux_1_1_aarch64.whl", hash = "sha256:5d76bf5f8618a0e8442f80ce9b59e21f50064d3f4bcbe04ad63212322025e3c3"},
    {file = "pydantic_core-2.30.0-cp313-cp313-musllinux_1_1_armv7l.whl", hash = "sha256:ebc49300956f9e053616de75087ac10c6eba5695269d00a35e292a672b539e37"},
    {file = "pydantic_core-2.30.0-cp313-cp313-musllinux_1_1_x86_64.whl", hash = "sha256:876b9d3722799d41835eabcb10e963ad1466f2f4fa83200d4c5f45eaffdaea61"},
    {file = "pydantic_core-2.30.0-cp313-cp313-win32.whl", hash = "sha256:a988727ae68973bbaebf63316bd238b3b236099bee2817eb8ffba12fabe8f14f"},
    {file = "pydantic_core-2.30.0-cp313-cp313-win_amd64.whl", hash = "sha256:62e307ce9237b4eb92f4da232d599636398122602a8c08a7c6e9f527803da7ac"},
    {file = "pydantic_core-2.30.0-cp313-cp313-win_arm64.whl", hash = "sha256:940700e0149ef3e8451ad8a4ebb447f29b7f73c3ce7a8511791d851cf7787da4"},
    {file = "pydantic_core-2.30.0-cp313-cp313t-macosx_11_0_arm64.whl", hash = "sha256:4e54e400b7f3c6faa94bcd31b1dc6337cefe098582b93d711fd75ec98a15810f"},
    {file = "pydantic_core-2.30.0-cp313-cp313t-manylinux_2_17_x86_64.manylinux2014_x86_64.whl", hash = "sha256:f2af0870a732f197c194177f22db204845341d89756e8d425b72256402248bb5"},
    {file = "pydantic_core-2.30.0-cp313-cp313t-win_amd64.whl", hash = "sha256:3c7683087c6fa188aecf36cf5c835aa1dcf8dce4ba46643b24adfd46a80c33a0"},
    {file = "pydantic_core-2.30.0-cp39-cp39-macosx_10_12_x86_64.whl", hash = "sha256:7aa7535f2487fb654fa3404741b41442984f1290bc1936e3df7971b8088e535b"},
    {file = "pydantic_core-2.30.0-cp39-cp39-macosx_11_0_arm64.whl", hash = "sha256:79942774065c0004328f3507901735de249a11dbb2495fd40569ab9fa847365e"},
    {file = "pydantic_core-2.30.0-cp39-cp39-manylinux_2_17_aarch64.manylinux2014_aarch64.whl", hash = "sha256:e0f37547dfb110fb40acd456bb87ff70d5d23b6b32c924908bcc6ca2abccbe89"},
    {file = "pydantic_core-2.30.0-cp39-cp39-manylinux_2_17_armv7l.manylinux2014_armv7l.whl", hash = "sha256:50c7a42f4981fcf03d191c684752b2d367c1640e07550daaaa08ef6be0c0ddce"},
    {file = "pydantic_core-2.30.0-cp39-cp39-manylinux_2_17_ppc64le.manylinux2014_ppc64le.whl", hash = "sha256:795069b04a367f4622cbeba03cf0c1330db3b84478a65003590d2669d57a34bc"},
    {file = "pydantic_core-2.30.0-cp39-cp39-manylinux_2_17_s390x.manylinux2014_s390x.whl", hash = "sha256:136258fdec5841482aaa11ef7cec8c738f1eb74f66f48d49544437ab128b9c4f"},
    {file = "pydantic_core-2.30.0-cp39-cp39-manylinux_2_17_x86_64.manylinux2014_x86_64.whl", hash = "sha256:fa295c34e3f05a1f9536da5991bf6fec5adc0c00d02e77118dc743e816f81cd0"},
    {file = "pydantic_core-2.30.0-cp39-cp39-manylinux_2_5_i686.manylinux1_i686.whl", hash = "sha256:f9ab8d9d94aef552efb1420b95cb5c7092a5879ac07bb1e21300bb519fcb972f"},
    {file = "pydantic_core-2.30.0-cp39-cp39-musllinux_1_1_aarch64.whl", hash = "sha256:f66b1a0e6672c331ad277d5963080e2b93dd448ea8e61d29a04dfd5dc6937d29"},
    {file = "pydantic_core-2.30.0-cp39-cp39-musllinux_1_1_armv7l.whl", hash = "sha256:879b5e09ebd4e136cb7aa924b35494ef4899132de3cc47512a8e0774a450ce2f"},
    {file = "pydantic_core-2.30.0-cp39-cp39-musllinux_1_1_x86_64.whl", hash = "sha256:181f4199d13c1cff4c21e58e4984e21b11703680a70993356ad712a8207dc555"},
    {file = "pydantic_core-2.30.0-cp39-cp39-win32.whl", hash = "sha256:df0c38ad36c4f67e055e736037a80b78d15de4e3cb72314710e2152fb5327e01"},
    {file = "pydantic_core-2.30.0-cp39-cp39-win_amd64.whl", hash = "sha256:59bc81c847ff8117707cec21e02bb4c3b7d16925d92adf796700c08de901cd25"},
    {file = "pydantic_core-2.30.0-pp310-pypy310_pp73-macosx_10_12_x86_64.whl", hash = "sha256:da25feb6f0b98d1b09731d7b3fbb8308c7eee9e0b4fbbf44a7903c1a26eebca3"},
    {file = "pydantic_core-2.30.0-pp310-pypy310_pp73-macosx_11_0_arm64.whl", hash = "sha256:74824f90ff17dbc930c419d9b215cc3679b1950997969f8bc1a6a81972e18e77"},
    {file = "pydantic_core-2.30.0-pp310-pypy310_pp73-manylinux_2_17_aarch64.manylinux2014_aarch64.whl", hash = "sha256:3f3f19742f99fc119e1b01361b237c7314fa2687de6c22a639d32ce5e9d47179"},
    {file = "pydantic_core-2.30.0-pp310-pypy310_pp73-manylinux_2_17_x86_64.manylinux2014_x86_64.whl", hash = "sha256:9c6866e9167f017dbff1d04f22a01f503f003c07c35d4d7a8e52e34238fb7dae"},
    {file = "pydantic_core-2.30.0-pp310-pypy310_pp73-manylinux_2_5_i686.manylinux1_i686.whl", hash = "sha256:047b1b7f2257317d5dad6106d3753b4edda6caf4725e387c2ea3c65c785aa85a"},
    {file = "pydantic_core-2.30.0-pp310-pypy310_pp73-musllinux_1_1_aarch64.whl", hash = "sha256:790503884caa69fc305aaf6232ab12f8ee1037f970f3bf8b62bb822585455173"},
    {file = "pydantic_core-2.30.0-pp310-pypy310_pp73-musllinux_1_1_armv7l.whl", hash = "sha256:6e1875153dc67fc19e9fd33f10d77f341cdc86fe5bda6b4781ab8aa1fe90208d"},
    {file = "pydantic_core-2.30.0-pp310-pypy310_pp73-musllinux_1_1_x86_64.whl", hash = "sha256:32835dc2d5e3586e2df35310f1e21bc07d8e9d3db71f6154aab953692a1fcdfc"},
    {file = "pydantic_core-2.30.0-pp310-pypy310_pp73-win_amd64.whl", hash = "sha256:1fb15d18bee8e5986c48c816d1305844e424143d4b677722c06717e5b7caff05"},
    {file = "pydantic_core-2.30.0-pp311-pypy311_pp73-macosx_10_12_x86_64.whl", hash = "sha256:3e690a7b296487cac4578509703a202be7f6fa5a873f691877f45de647255fc6"},
    {file = "pydantic_core-2.30.0-pp311-pypy311_pp73-macosx_11_0_arm64.whl", hash = "sha256:b7f8221b8f4dd14b02bd3cc2a4ed774592054058ecb2f4933afd9b8ebfd028e9"},
    {file = "pydantic_core-2.30.0-pp311-pypy311_pp73-manylinux_2_17_aarch64.manylinux2014_aarch64.whl", hash = "sha256:410ede45dad2678ea08f48fa8874bb3172d445242fd0d2664a0253565cdecc02"},
    {file = "pydantic_core-2.30.0-pp311-pypy311_pp73-manylinux_2_17_x86_64.manylinux2014_x86_64.whl", hash = "sha256:75cd77c632f963c4c8ea3185b09ac0f7edc7656c31ecd3ec7d1bfff5a79d50b5"},
    {file = "pydantic_core-2.30.0-pp311-pypy311_pp73-manylinux_2_5_i686.manylinux1_i686.whl", hash = "sha256:4cfc72938bec5ece8c126100e51c573d637f2adbaf01f64e135adc9404b0aa99"},
    {file = "pydantic_core-2.30.0-pp311-pypy311_pp73-musllinux_1_1_aarch64.whl", hash = "sha256:e94eb7e1cdc1c12f08df7cab9afd16565b114a102e01ed0aaf36e860ca4b4a2d"},
    {file = "pydantic_core-2.30.0-pp311-pypy311_pp73-musllinux_1_1_armv7l.whl", hash = "sha256:982e061d42745d1af82ab18c863f6bfbbe853b779a5987b5e54bb15833c0d6e6"},
    {file = "pydantic_core-2.30.0-pp311-pypy311_pp73-musllinux_1_1_x86_64.whl", hash = "sha256:decc77c45794def4256674e6c5a102a34ab7beca9dd2c5cf34fb09506231013b"},
    {file = "pydantic_core-2.30.0-pp311-pypy311_pp73-win_amd64.whl", hash = "sha256:bb565076749a879a5b4b5a9551f69e179b65d84a53dceee456271f983e68475a"},
    {file = "pydantic_core-2.30.0-pp39-pypy39_pp73-macosx_10_12_x86_64.whl", hash = "sha256:0540f9bda8c67a3fd10079db6d287f9fb456eedd1138e14de2816ef2ef0d1b51"},
    {file = "pydantic_core-2.30.0-pp39-pypy39_pp73-macosx_11_0_arm64.whl", hash = "sha256:43e25c87e08d8b17420fcfeed92bb6af0d20fac069dff3d454c136aaabcd175a"},
    {file = "pydantic_core-2.30.0-pp39-pypy39_pp73-manylinux_2_17_aarch64.manylinux2014_aarch64.whl", hash = "sha256:47cc96c3d9080df6a8f606844b4d86391c602a1d6410c27ce468cdd8df40ad92"},
    {file = "pydantic_core-2.30.0-pp39-pypy39_pp73-manylinux_2_17_x86_64.manylinux2014_x86_64.whl", hash = "sha256:14c492620b94a51aaadcc56dc6c2f807d2cb928f4d1a77f1c25e23231bc40d6d"},
    {file = "pydantic_core-2.30.0-pp39-pypy39_pp73-manylinux_2_5_i686.manylinux1_i686.whl", hash = "sha256:f20cb1338332c92b2751a8bca50597f3d2f1a521dfeaf1aee77cb63df2fc8c20"},
    {file = "pydantic_core-2.30.0-pp39-pypy39_pp73-musllinux_1_1_aarch64.whl", hash = "sha256:ecde527d78e3bc51d0bcd89b8ae8d9dd82d96d7d854573df52430bab1e1a3991"},
    {file = "pydantic_core-2.30.0-pp39-pypy39_pp73-musllinux_1_1_armv7l.whl", hash = "sha256:e17b2efed813caa1d37e8834ece04f5d13f9d64bd95876942ad79354b88d4cc7"},
    {file = "pydantic_core-2.30.0-pp39-pypy39_pp73-musllinux_1_1_x86_64.whl", hash = "sha256:cebf953261242d38f6a54f370cc8f1a3cdc366aa6f20760e54543eaaeb648edb"},
    {file = "pydantic_core-2.30.0-pp39-pypy39_pp73-win_amd64.whl", hash = "sha256:8cf987577b764307bb56988be93a087b5f36bedc2c3469ebe5e074831b68eeff"},
    {file = "pydantic_core-2.30.0.tar.gz", hash = "sha256:dd02949948ad60e55e5926d4da4a55df75cab06a4c97da66d07c285ee441c86c"},
]

[package.dependencies]
typing-extensions = ">=4.6.0,<4.7.0 || >4.7.0"

[[package]]
name = "python-dotenv"
version = "0.20.0"
description = "Read key-value pairs from a .env file and set them as environment variables"
optional = false
python-versions = ">=3.5"
files = [
    {file = "python-dotenv-0.20.0.tar.gz", hash = "sha256:b7e3b04a59693c42c36f9ab1cc2acc46fa5df8c78e178fc33a8d4cd05c8d498f"},
    {file = "python_dotenv-0.20.0-py3-none-any.whl", hash = "sha256:d92a187be61fe482e4fd675b6d52200e7be63a12b724abbf931a40ce4fa92938"},
]

[package.extras]
cli = ["click (>=5.0)"]

[[package]]
name = "sniffio"
version = "1.3.1"
description = "Sniff out which async library your code is running under"
optional = false
python-versions = ">=3.7"
files = [
    {file = "sniffio-1.3.1-py3-none-any.whl", hash = "sha256:2f6da418d1f1e0fddd844478f41680e794e6051915791a034ff65e5f100525a2"},
    {file = "sniffio-1.3.1.tar.gz", hash = "sha256:f4324edc670a0f49750a81b895f35c3adb843cca46f0530f79fc1babb23789dc"},
]

[[package]]
name = "starlette"
version = "0.19.1"
description = "The little ASGI library that shines."
optional = false
python-versions = ">=3.6"
files = [
    {file = "starlette-0.19.1-py3-none-any.whl", hash = "sha256:5a60c5c2d051f3a8eb546136aa0c9399773a689595e099e0877704d5888279bf"},
    {file = "starlette-0.19.1.tar.gz", hash = "sha256:c6d21096774ecb9639acad41b86b7706e52ba3bf1dc13ea4ed9ad593d47e24c7"},
]

[package.dependencies]
anyio = ">=3.4.0,<5"
typing-extensions = {version = ">=3.10.0", markers = "python_version < \"3.10\""}

[package.extras]
full = ["itsdangerous", "jinja2", "python-multipart", "pyyaml", "requests"]

[[package]]
name = "typing-extensions"
version = "4.12.2"
description = "Backported and Experimental Type Hints for Python 3.8+"
optional = false
python-versions = ">=3.8"
files = [
    {file = "typing_extensions-4.12.2-py3-none-any.whl", hash = "sha256:04e5ca0351e0f3f85c6853954072df659d0d13fac324d0072316b67d7794700d"},
    {file = "typing_extensions-4.12.2.tar.gz", hash = "sha256:1a7ead55c7e559dd4dee8856e3a88b41225abfe1ce8df57b7c13915fe121ffb8"},
]

[[package]]
name = "uvicorn"
version = "0.17.6"
description = "The lightning-fast ASGI server."
optional = false
python-versions = ">=3.7"
files = [
    {file = "uvicorn-0.17.6-py3-none-any.whl", hash = "sha256:19e2a0e96c9ac5581c01eb1a79a7d2f72bb479691acd2b8921fce48ed5b961a6"},
    {file = "uvicorn-0.17.6.tar.gz", hash = "sha256:5180f9d059611747d841a4a4c4ab675edf54c8489e97f96d0583ee90ac3bfc23"},
]

[package.dependencies]
asgiref = ">=3.4.0"
click = ">=7.0"
h11 = ">=0.8"

[package.extras]
standard = ["PyYAML (>=5.1)", "colorama (>=0.4)", "httptools (>=0.4.0)", "python-dotenv (>=0.13)", "uvloop (>=0.14.0,!=0.15.0,!=0.15.1)", "watchgod (>=0.6)", "websockets (>=10.0)"]

[[package]]
name = "vital"
version = "2.1.214"
description = ""
optional = false
python-versions = "<4.0,>=3.8"
files = [
    {file = "vital-2.1.214-py3-none-any.whl", hash = "sha256:d9870e6f5b55a878e6fc50d34db42f2d54cb9f14df36f58cac66bb67898188d2"},
    {file = "vital-2.1.214.tar.gz", hash = "sha256:e6c407779e7fb37f2fb3bfdcd1814a943d9fc4416725c27efb7cbf11910f4543"},
]

[package.dependencies]
httpx = ">=0.21.2"
pydantic = ">=1.9.2"
pydantic-core = ">=2.18.2,<3.0.0"
typing_extensions = ">=4.0.0"

[metadata]
lock-version = "2.0"
python-versions = "^3.9"
content-hash = "e5fd540be914672c4b13a15e0ef64f10321e5fdc929deb23cb3ba6b2c60b76d5"
